// !$*UTF8*$!
{
	archiveVersion = 1;
	classes = {
	};
	objectVersion = 46;
	objects = {

/* Begin PBXBuildFile section */
		39C1A2301AF5142D001F617D /* AppDelegate.swift in Sources */ = {isa = PBXBuildFile; fileRef = 39C1A22F1AF5142D001F617D /* AppDelegate.swift */; };
		39C1A2391AF5142D001F617D /* Main.storyboard in Resources */ = {isa = PBXBuildFile; fileRef = 39C1A2371AF5142D001F617D /* Main.storyboard */; };
		39C1A23B1AF5142D001F617D /* Images.xcassets in Resources */ = {isa = PBXBuildFile; fileRef = 39C1A23A1AF5142D001F617D /* Images.xcassets */; };
		39C1A23E1AF5142D001F617D /* LaunchScreen.xib in Resources */ = {isa = PBXBuildFile; fileRef = 39C1A23C1AF5142D001F617D /* LaunchScreen.xib */; };
		39C1A24A1AF5142D001F617D /* JVInfinityScrollViewTests.swift in Sources */ = {isa = PBXBuildFile; fileRef = 39C1A2491AF5142D001F617D /* JVInfinityScrollViewTests.swift */; };
		39C1A2541AF5155A001F617D /* JVInfinityScrollView.swift in Sources */ = {isa = PBXBuildFile; fileRef = 39C1A2531AF5155A001F617D /* JVInfinityScrollView.swift */; };
		39C1A2561AF5190E001F617D /* MainViewController.swift in Sources */ = {isa = PBXBuildFile; fileRef = 39C1A2551AF5190E001F617D /* MainViewController.swift */; };
/* End PBXBuildFile section */

/* Begin PBXContainerItemProxy section */
		39C1A2441AF5142D001F617D /* PBXContainerItemProxy */ = {
			isa = PBXContainerItemProxy;
			containerPortal = 39C1A2221AF5142D001F617D /* Project object */;
			proxyType = 1;
			remoteGlobalIDString = 39C1A2291AF5142D001F617D;
			remoteInfo = JVInfinityScrollView;
		};
/* End PBXContainerItemProxy section */

/* Begin PBXFileReference section */
		39C1A22A1AF5142D001F617D /* JVInfinityScrollView.app */ = {isa = PBXFileReference; explicitFileType = wrapper.application; includeInIndex = 0; path = JVInfinityScrollView.app; sourceTree = BUILT_PRODUCTS_DIR; };
		39C1A22E1AF5142D001F617D /* Info.plist */ = {isa = PBXFileReference; lastKnownFileType = text.plist.xml; path = Info.plist; sourceTree = "<group>"; };
		39C1A22F1AF5142D001F617D /* AppDelegate.swift */ = {isa = PBXFileReference; lastKnownFileType = sourcecode.swift; path = AppDelegate.swift; sourceTree = "<group>"; };
		39C1A2381AF5142D001F617D /* Base */ = {isa = PBXFileReference; lastKnownFileType = file.storyboard; name = Base; path = Base.lproj/Main.storyboard; sourceTree = "<group>"; };
		39C1A23A1AF5142D001F617D /* Images.xcassets */ = {isa = PBXFileReference; lastKnownFileType = folder.assetcatalog; path = Images.xcassets; sourceTree = "<group>"; };
		39C1A23D1AF5142D001F617D /* Base */ = {isa = PBXFileReference; lastKnownFileType = file.xib; name = Base; path = Base.lproj/LaunchScreen.xib; sourceTree = "<group>"; };
		39C1A2431AF5142D001F617D /* JVInfinityScrollViewTests.xctest */ = {isa = PBXFileReference; explicitFileType = wrapper.cfbundle; includeInIndex = 0; path = JVInfinityScrollViewTests.xctest; sourceTree = BUILT_PRODUCTS_DIR; };
		39C1A2481AF5142D001F617D /* Info.plist */ = {isa = PBXFileReference; lastKnownFileType = text.plist.xml; path = Info.plist; sourceTree = "<group>"; };
		39C1A2491AF5142D001F617D /* JVInfinityScrollViewTests.swift */ = {isa = PBXFileReference; lastKnownFileType = sourcecode.swift; path = JVInfinityScrollViewTests.swift; sourceTree = "<group>"; };
		39C1A2531AF5155A001F617D /* JVInfinityScrollView.swift */ = {isa = PBXFileReference; fileEncoding = 4; lastKnownFileType = sourcecode.swift; path = JVInfinityScrollView.swift; sourceTree = "<group>"; };
		39C1A2551AF5190E001F617D /* MainViewController.swift */ = {isa = PBXFileReference; fileEncoding = 4; lastKnownFileType = sourcecode.swift; path = MainViewController.swift; sourceTree = "<group>"; };
/* End PBXFileReference section */

/* Begin PBXFrameworksBuildPhase section */
		39C1A2271AF5142D001F617D /* Frameworks */ = {
			isa = PBXFrameworksBuildPhase;
			buildActionMask = 2147483647;
			files = (
			);
			runOnlyForDeploymentPostprocessing = 0;
		};
		39C1A2401AF5142D001F617D /* Frameworks */ = {
			isa = PBXFrameworksBuildPhase;
			buildActionMask = 2147483647;
			files = (
			);
			runOnlyForDeploymentPostprocessing = 0;
		};
/* End PBXFrameworksBuildPhase section */

/* Begin PBXGroup section */
		392B54BF1BBF1EA300B441C1 /* Classes */ = {
			isa = PBXGroup;
			children = (
				39C1A2531AF5155A001F617D /* JVInfinityScrollView.swift */,
			);
			name = Classes;
			path = classes;
			sourceTree = "<group>";
		};
		39C1A2211AF5142D001F617D = {
			isa = PBXGroup;
			children = (
				39C1A22C1AF5142D001F617D /* JVInfinityScrollView */,
				39C1A2461AF5142D001F617D /* JVInfinityScrollViewTests */,
				39C1A22B1AF5142D001F617D /* Products */,
			);
			sourceTree = "<group>";
		};
		39C1A22B1AF5142D001F617D /* Products */ = {
			isa = PBXGroup;
			children = (
				39C1A22A1AF5142D001F617D /* JVInfinityScrollView.app */,
				39C1A2431AF5142D001F617D /* JVInfinityScrollViewTests.xctest */,
			);
			name = Products;
			sourceTree = "<group>";
		};
		39C1A22C1AF5142D001F617D /* JVInfinityScrollView */ = {
			isa = PBXGroup;
			children = (
				392B54BF1BBF1EA300B441C1 /* Classes */,
				39C1A22F1AF5142D001F617D /* AppDelegate.swift */,
				39C1A2371AF5142D001F617D /* Main.storyboard */,
				39C1A23A1AF5142D001F617D /* Images.xcassets */,
				39C1A23C1AF5142D001F617D /* LaunchScreen.xib */,
				39C1A22D1AF5142D001F617D /* Supporting Files */,
				39C1A2551AF5190E001F617D /* MainViewController.swift */,
			);
			path = JVInfinityScrollView;
			sourceTree = "<group>";
		};
		39C1A22D1AF5142D001F617D /* Supporting Files */ = {
			isa = PBXGroup;
			children = (
				39C1A22E1AF5142D001F617D /* Info.plist */,
			);
			name = "Supporting Files";
			sourceTree = "<group>";
		};
		39C1A2461AF5142D001F617D /* JVInfinityScrollViewTests */ = {
			isa = PBXGroup;
			children = (
				39C1A2491AF5142D001F617D /* JVInfinityScrollViewTests.swift */,
				39C1A2471AF5142D001F617D /* Supporting Files */,
			);
			path = JVInfinityScrollViewTests;
			sourceTree = "<group>";
		};
		39C1A2471AF5142D001F617D /* Supporting Files */ = {
			isa = PBXGroup;
			children = (
				39C1A2481AF5142D001F617D /* Info.plist */,
			);
			name = "Supporting Files";
			sourceTree = "<group>";
		};
/* End PBXGroup section */

/* Begin PBXNativeTarget section */
		39C1A2291AF5142D001F617D /* JVInfinityScrollView */ = {
			isa = PBXNativeTarget;
			buildConfigurationList = 39C1A24D1AF5142D001F617D /* Build configuration list for PBXNativeTarget "JVInfinityScrollView" */;
			buildPhases = (
				39C1A2261AF5142D001F617D /* Sources */,
				39C1A2271AF5142D001F617D /* Frameworks */,
				39C1A2281AF5142D001F617D /* Resources */,
			);
			buildRules = (
			);
			dependencies = (
			);
			name = JVInfinityScrollView;
			productName = JVInfinityScrollView;
			productReference = 39C1A22A1AF5142D001F617D /* JVInfinityScrollView.app */;
			productType = "com.apple.product-type.application";
		};
		39C1A2421AF5142D001F617D /* JVInfinityScrollViewTests */ = {
			isa = PBXNativeTarget;
			buildConfigurationList = 39C1A2501AF5142D001F617D /* Build configuration list for PBXNativeTarget "JVInfinityScrollViewTests" */;
			buildPhases = (
				39C1A23F1AF5142D001F617D /* Sources */,
				39C1A2401AF5142D001F617D /* Frameworks */,
				39C1A2411AF5142D001F617D /* Resources */,
			);
			buildRules = (
			);
			dependencies = (
				39C1A2451AF5142D001F617D /* PBXTargetDependency */,
			);
			name = JVInfinityScrollViewTests;
			productName = JVInfinityScrollViewTests;
			productReference = 39C1A2431AF5142D001F617D /* JVInfinityScrollViewTests.xctest */;
			productType = "com.apple.product-type.bundle.unit-test";
		};
/* End PBXNativeTarget section */

/* Begin PBXProject section */
		39C1A2221AF5142D001F617D /* Project object */ = {
			isa = PBXProject;
			attributes = {
				CLASSPREFIX = JV;
				LastSwiftMigration = 0700;
				LastSwiftUpdateCheck = 0700;
				LastUpgradeCheck = 0700;
				ORGANIZATIONNAME = "Jean Vinge";
				TargetAttributes = {
					39C1A2291AF5142D001F617D = {
						CreatedOnToolsVersion = 6.3.1;
					};
					39C1A2421AF5142D001F617D = {
						CreatedOnToolsVersion = 6.3.1;
						TestTargetID = 39C1A2291AF5142D001F617D;
					};
				};
			};
			buildConfigurationList = 39C1A2251AF5142D001F617D /* Build configuration list for PBXProject "JVInfinityScrollView" */;
			compatibilityVersion = "Xcode 3.2";
			developmentRegion = English;
			hasScannedForEncodings = 0;
			knownRegions = (
				en,
				Base,
			);
			mainGroup = 39C1A2211AF5142D001F617D;
			productRefGroup = 39C1A22B1AF5142D001F617D /* Products */;
			projectDirPath = "";
			projectRoot = "";
			targets = (
				39C1A2291AF5142D001F617D /* JVInfinityScrollView */,
				39C1A2421AF5142D001F617D /* JVInfinityScrollViewTests */,
			);
		};
/* End PBXProject section */

/* Begin PBXResourcesBuildPhase section */
		39C1A2281AF5142D001F617D /* Resources */ = {
			isa = PBXResourcesBuildPhase;
			buildActionMask = 2147483647;
			files = (
				39C1A2391AF5142D001F617D /* Main.storyboard in Resources */,
				39C1A23E1AF5142D001F617D /* LaunchScreen.xib in Resources */,
				39C1A23B1AF5142D001F617D /* Images.xcassets in Resources */,
			);
			runOnlyForDeploymentPostprocessing = 0;
		};
		39C1A2411AF5142D001F617D /* Resources */ = {
			isa = PBXResourcesBuildPhase;
			buildActionMask = 2147483647;
			files = (
			);
			runOnlyForDeploymentPostprocessing = 0;
		};
/* End PBXResourcesBuildPhase section */

/* Begin PBXSourcesBuildPhase section */
		39C1A2261AF5142D001F617D /* Sources */ = {
			isa = PBXSourcesBuildPhase;
			buildActionMask = 2147483647;
			files = (
				39C1A2561AF5190E001F617D /* MainViewController.swift in Sources */,
				39C1A2301AF5142D001F617D /* AppDelegate.swift in Sources */,
				39C1A2541AF5155A001F617D /* JVInfinityScrollView.swift in Sources */,
			);
			runOnlyForDeploymentPostprocessing = 0;
		};
		39C1A23F1AF5142D001F617D /* Sources */ = {
			isa = PBXSourcesBuildPhase;
			buildActionMask = 2147483647;
			files = (
				39C1A24A1AF5142D001F617D /* JVInfinityScrollViewTests.swift in Sources */,
			);
			runOnlyForDeploymentPostprocessing = 0;
		};
/* End PBXSourcesBuildPhase section */

/* Begin PBXTargetDependency section */
		39C1A2451AF5142D001F617D /* PBXTargetDependency */ = {
			isa = PBXTargetDependency;
			target = 39C1A2291AF5142D001F617D /* JVInfinityScrollView */;
			targetProxy = 39C1A2441AF5142D001F617D /* PBXContainerItemProxy */;
		};
/* End PBXTargetDependency section */

/* Begin PBXVariantGroup section */
		39C1A2371AF5142D001F617D /* Main.storyboard */ = {
			isa = PBXVariantGroup;
			children = (
				39C1A2381AF5142D001F617D /* Base */,
			);
			name = Main.storyboard;
			sourceTree = "<group>";
		};
		39C1A23C1AF5142D001F617D /* LaunchScreen.xib */ = {
			isa = PBXVariantGroup;
			children = (
				39C1A23D1AF5142D001F617D /* Base */,
			);
			name = LaunchScreen.xib;
			sourceTree = "<group>";
		};
/* End PBXVariantGroup section */

/* Begin XCBuildConfiguration section */
		39C1A24B1AF5142D001F617D /* Debug */ = {
			isa = XCBuildConfiguration;
			buildSettings = {
				ALWAYS_SEARCH_USER_PATHS = NO;
				CLANG_CXX_LANGUAGE_STANDARD = "gnu++0x";
				CLANG_CXX_LIBRARY = "libc++";
				CLANG_ENABLE_MODULES = YES;
				CLANG_ENABLE_OBJC_ARC = YES;
				CLANG_WARN_BOOL_CONVERSION = YES;
				CLANG_WARN_CONSTANT_CONVERSION = YES;
				CLANG_WARN_DIRECT_OBJC_ISA_USAGE = YES_ERROR;
				CLANG_WARN_EMPTY_BODY = YES;
				CLANG_WARN_ENUM_CONVERSION = YES;
				CLANG_WARN_INT_CONVERSION = YES;
				CLANG_WARN_OBJC_ROOT_CLASS = YES_ERROR;
				CLANG_WARN_UNREACHABLE_CODE = YES;
				CLANG_WARN__DUPLICATE_METHOD_MATCH = YES;
				"CODE_SIGN_IDENTITY[sdk=iphoneos*]" = "iPhone Developer";
				COPY_PHASE_STRIP = NO;
				DEBUG_INFORMATION_FORMAT = "dwarf-with-dsym";
				ENABLE_STRICT_OBJC_MSGSEND = YES;
				ENABLE_TESTABILITY = YES;
				GCC_C_LANGUAGE_STANDARD = gnu99;
				GCC_DYNAMIC_NO_PIC = NO;
				GCC_NO_COMMON_BLOCKS = YES;
				GCC_OPTIMIZATION_LEVEL = 0;
				GCC_PREPROCESSOR_DEFINITIONS = (
					"DEBUG=1",
					"$(inherited)",
				);
				GCC_SYMBOLS_PRIVATE_EXTERN = NO;
				GCC_WARN_64_TO_32_BIT_CONVERSION = YES;
				GCC_WARN_ABOUT_RETURN_TYPE = YES_ERROR;
				GCC_WARN_UNDECLARED_SELECTOR = YES;
				GCC_WARN_UNINITIALIZED_AUTOS = YES_AGGRESSIVE;
				GCC_WARN_UNUSED_FUNCTION = YES;
				GCC_WARN_UNUSED_VARIABLE = YES;
				IPHONEOS_DEPLOYMENT_TARGET = 8.3;
				MTL_ENABLE_DEBUG_INFO = YES;
				ONLY_ACTIVE_ARCH = YES;
				SDKROOT = iphoneos;
				SWIFT_OPTIMIZATION_LEVEL = "-Onone";
				TARGETED_DEVICE_FAMILY = "1,2";
			};
			name = Debug;
		};
		39C1A24C1AF5142D001F617D /* Release */ = {
			isa = XCBuildConfiguration;
			buildSettings = {
				ALWAYS_SEARCH_USER_PATHS = NO;
				CLANG_CXX_LANGUAGE_STANDARD = "gnu++0x";
				CLANG_CXX_LIBRARY = "libc++";
				CLANG_ENABLE_MODULES = YES;
				CLANG_ENABLE_OBJC_ARC = YES;
				CLANG_WARN_BOOL_CONVERSION = YES;
				CLANG_WARN_CONSTANT_CONVERSION = YES;
				CLANG_WARN_DIRECT_OBJC_ISA_USAGE = YES_ERROR;
				CLANG_WARN_EMPTY_BODY = YES;
				CLANG_WARN_ENUM_CONVERSION = YES;
				CLANG_WARN_INT_CONVERSION = YES;
				CLANG_WARN_OBJC_ROOT_CLASS = YES_ERROR;
				CLANG_WARN_UNREACHABLE_CODE = YES;
				CLANG_WARN__DUPLICATE_METHOD_MATCH = YES;
				"CODE_SIGN_IDENTITY[sdk=iphoneos*]" = "iPhone Developer";
				COPY_PHASE_STRIP = NO;
				DEBUG_INFORMATION_FORMAT = "dwarf-with-dsym";
				ENABLE_NS_ASSERTIONS = NO;
				ENABLE_STRICT_OBJC_MSGSEND = YES;
				GCC_C_LANGUAGE_STANDARD = gnu99;
				GCC_NO_COMMON_BLOCKS = YES;
				GCC_WARN_64_TO_32_BIT_CONVERSION = YES;
				GCC_WARN_ABOUT_RETURN_TYPE = YES_ERROR;
				GCC_WARN_UNDECLARED_SELECTOR = YES;
				GCC_WARN_UNINITIALIZED_AUTOS = YES_AGGRESSIVE;
				GCC_WARN_UNUSED_FUNCTION = YES;
				GCC_WARN_UNUSED_VARIABLE = YES;
				IPHONEOS_DEPLOYMENT_TARGET = 8.3;
				MTL_ENABLE_DEBUG_INFO = NO;
				SDKROOT = iphoneos;
				TARGETED_DEVICE_FAMILY = "1,2";
				VALIDATE_PRODUCT = YES;
			};
			name = Release;
		};
		39C1A24E1AF5142D001F617D /* Debug */ = {
			isa = XCBuildConfiguration;
			buildSettings = {
				ASSETCATALOG_COMPILER_APPICON_NAME = AppIcon;
				INFOPLIST_FILE = JVInfinityScrollView/Info.plist;
				LD_RUNPATH_SEARCH_PATHS = "$(inherited) @executable_path/Frameworks";
				PRODUCT_BUNDLE_IDENTIFIER = "br.workflow.tecnologia.swift.$(PRODUCT_NAME:rfc1034identifier)";
				PRODUCT_NAME = "$(TARGET_NAME)";
			};
			name = Debug;
		};
		39C1A24F1AF5142D001F617D /* Release */ = {
			isa = XCBuildConfiguration;
			buildSettings = {
				ASSETCATALOG_COMPILER_APPICON_NAME = AppIcon;
				INFOPLIST_FILE = JVInfinityScrollView/Info.plist;
				LD_RUNPATH_SEARCH_PATHS = "$(inherited) @executable_path/Frameworks";
				PRODUCT_BUNDLE_IDENTIFIER = "br.workflow.tecnologia.swift.$(PRODUCT_NAME:rfc1034identifier)";
				PRODUCT_NAME = "$(TARGET_NAME)";
			};
			name = Release;
		};
		39C1A2511AF5142D001F617D /* Debug */ = {
			isa = XCBuildConfiguration;
			buildSettings = {
				BUNDLE_LOADER = "$(TEST_HOST)";
				FRAMEWORK_SEARCH_PATHS = (
					"$(SDKROOT)/Developer/Library/Frameworks",
					"$(inherited)",
				);
				GCC_PREPROCESSOR_DEFINITIONS = (
					"DEBUG=1",
					"$(inherited)",
				);
				INFOPLIST_FILE = JVInfinityScrollViewTests/Info.plist;
				LD_RUNPATH_SEARCH_PATHS = "$(inherited) @executable_path/Frameworks @loader_path/Frameworks";
				PRODUCT_BUNDLE_IDENTIFIER = "br.workflow.tecnologia.swift.$(PRODUCT_NAME:rfc1034identifier)";
				PRODUCT_NAME = "$(TARGET_NAME)";
				TEST_HOST = "$(BUILT_PRODUCTS_DIR)/JVInfinityScrollView.app/JVInfinityScrollView";
			};
			name = Debug;
		};
		39C1A2521AF5142D001F617D /* Release */ = {
			isa = XCBuildConfiguration;
			buildSettings = {
				BUNDLE_LOADER = "$(TEST_HOST)";
				FRAMEWORK_SEARCH_PATHS = (
					"$(SDKROOT)/Developer/Library/Frameworks",
					"$(inherited)",
				);
				INFOPLIST_FILE = JVInfinityScrollViewTests/Info.plist;
				LD_RUNPATH_SEARCH_PATHS = "$(inherited) @executable_path/Frameworks @loader_path/Frameworks";
				PRODUCT_BUNDLE_IDENTIFIER = "br.workflow.tecnologia.swift.$(PRODUCT_NAME:rfc1034identifier)";
				PRODUCT_NAME = "$(TARGET_NAME)";
				TEST_HOST = "$(BUILT_PRODUCTS_DIR)/JVInfinityScrollView.app/JVInfinityScrollView";
			};
			name = Release;
		};
/* End XCBuildConfiguration section */

/* Begin XCConfigurationList section */
		39C1A2251AF5142D001F617D /* Build configuration list for PBXProject "JVInfinityScrollView" */ = {
			isa = XCConfigurationList;
			buildConfigurations = (
				39C1A24B1AF5142D001F617D /* Debug */,
				39C1A24C1AF5142D001F617D /* Release */,
			);
			defaultConfigurationIsVisible = 0;
			defaultConfigurationName = Release;
		};
		39C1A24D1AF5142D001F617D /* Build configuration list for PBXNativeTarget "JVInfinityScrollView" */ = {
			isa = XCConfigurationList;
			buildConfigurations = (
				39C1A24E1AF5142D001F617D /* Debug */,
				39C1A24F1AF5142D001F617D /* Release */,
			);
			defaultConfigurationIsVisible = 0;
			defaultConfigurationName = Release;
		};
		39C1A2501AF5142D001F617D /* Build configuration list for PBXNativeTarget "JVInfinityScrollViewTests" */ = {
			isa = XCConfigurationList;
			buildConfigurations = (
				39C1A2511AF5142D001F617D /* Debug */,
				39C1A2521AF5142D001F617D /* Release */,
			);
			defaultConfigurationIsVisible = 0;
			defaultConfigurationName = Release;
		};
/* End XCConfigurationList section */
	};
	rootObject = 39C1A2221AF5142D001F617D /* Project object */;
}
